// !$*UTF8*$!
{
	archiveVersion = 1;
	classes = {
	};
	objectVersion = 50;
	objects = {

/* Begin PBXBuildFile section */
		A753F30123E35E7700266A3B /* InvestorMapper.swift in Sources */ = {isa = PBXBuildFile; fileRef = A753F30023E35E7700266A3B /* InvestorMapper.swift */; };
		A753F30423E372F200266A3B /* Home.storyboard in Resources */ = {isa = PBXBuildFile; fileRef = A753F30323E372F200266A3B /* Home.storyboard */; };
		A753F30623E3736300266A3B /* HomeViewController.swift in Sources */ = {isa = PBXBuildFile; fileRef = A753F30523E3736300266A3B /* HomeViewController.swift */; };
		A79C11FE23E3262F005F55A7 /* LoginViewController.swift in Sources */ = {isa = PBXBuildFile; fileRef = A79C11FD23E3262F005F55A7 /* LoginViewController.swift */; };
		A7A3BD1723E3AB240056F352 /* EnterpriseTableViewCell.swift in Sources */ = {isa = PBXBuildFile; fileRef = A7A3BD1623E3AB240056F352 /* EnterpriseTableViewCell.swift */; };
		A7A3BD2023E3DE820056F352 /* URLSessionHTTPClientTests.swift in Sources */ = {isa = PBXBuildFile; fileRef = A7A3BD1F23E3DE820056F352 /* URLSessionHTTPClientTests.swift */; };
		A7A3BD2323E456CE0056F352 /* LoginViewControllerTests.swift in Sources */ = {isa = PBXBuildFile; fileRef = A7A3BD2223E456CE0056F352 /* LoginViewControllerTests.swift */; };
		A7A3BD2623E46B9E0056F352 /* LoginUIComposer.swift in Sources */ = {isa = PBXBuildFile; fileRef = A7A3BD2523E46B9E0056F352 /* LoginUIComposer.swift */; };
		A7A3BD2923E470DB0056F352 /* HTTPClientSpy.swift in Sources */ = {isa = PBXBuildFile; fileRef = A7A3BD2823E470DB0056F352 /* HTTPClientSpy.swift */; };
		A7A3BD2B23E486E90056F352 /* LoginViewModel.swift in Sources */ = {isa = PBXBuildFile; fileRef = A7A3BD2A23E486E90056F352 /* LoginViewModel.swift */; };
		A7A3BD3123E4ADBD0056F352 /* Coordinator.swift in Sources */ = {isa = PBXBuildFile; fileRef = A7A3BD3023E4ADBD0056F352 /* Coordinator.swift */; };
		A7A3BD3323E4B16F0056F352 /* HomeCoodinator.swift in Sources */ = {isa = PBXBuildFile; fileRef = A7A3BD3223E4B16F0056F352 /* HomeCoodinator.swift */; };
		A7A3BD3523E4D1970056F352 /* URLSessionHTTPClient.swift in Sources */ = {isa = PBXBuildFile; fileRef = A7A3BD3423E4D1970056F352 /* URLSessionHTTPClient.swift */; };
		A7A3BD3923E4D6090056F352 /* HomeUIComposer.swift in Sources */ = {isa = PBXBuildFile; fileRef = A7A3BD3823E4D6090056F352 /* HomeUIComposer.swift */; };
		A7A3BD3B23E4D68F0056F352 /* HomeViewModel.swift in Sources */ = {isa = PBXBuildFile; fileRef = A7A3BD3A23E4D68F0056F352 /* HomeViewModel.swift */; };
		A7A3BD3E23E5F4370056F352 /* RemoteEnterpriseService.swift in Sources */ = {isa = PBXBuildFile; fileRef = A7A3BD3D23E5F4360056F352 /* RemoteEnterpriseService.swift */; };
		A7A3BD4123E5F4D50056F352 /* RemoteEnterpriseServiceTests.swift in Sources */ = {isa = PBXBuildFile; fileRef = A7A3BD4023E5F4D50056F352 /* RemoteEnterpriseServiceTests.swift */; };
		A7A3BD4623E62B8F0056F352 /* validEnterprisesJSON.json in Resources */ = {isa = PBXBuildFile; fileRef = A7A3BD4523E62B8F0056F352 /* validEnterprisesJSON.json */; };
		A7A3BD4823E62D740056F352 /* EnterpriseMapper.swift in Sources */ = {isa = PBXBuildFile; fileRef = A7A3BD4723E62D740056F352 /* EnterpriseMapper.swift */; };
		A7A3BD4A23E632FA0056F352 /* EnterpriseType.swift in Sources */ = {isa = PBXBuildFile; fileRef = A7A3BD4923E632FA0056F352 /* EnterpriseType.swift */; };
		A7A3BD4C23E641C90056F352 /* EnterpriseService.swift in Sources */ = {isa = PBXBuildFile; fileRef = A7A3BD4B23E641C90056F352 /* EnterpriseService.swift */; };
		A7A3BD4F23E642420056F352 /* URLSessionEnterpriseHTTPClient.swift in Sources */ = {isa = PBXBuildFile; fileRef = A7A3BD4E23E642420056F352 /* URLSessionEnterpriseHTTPClient.swift */; };
		A7A3BD5123E6484D0056F352 /* UserInformation.swift in Sources */ = {isa = PBXBuildFile; fileRef = A7A3BD5023E6484D0056F352 /* UserInformation.swift */; };
		A7A3BD5523E6855A0056F352 /* LoginCoordinator.swift in Sources */ = {isa = PBXBuildFile; fileRef = A7A3BD5423E6855A0056F352 /* LoginCoordinator.swift */; };
		A7A3BD5723E686300056F352 /* EnterpriseDetailsCoordinator.swift in Sources */ = {isa = PBXBuildFile; fileRef = A7A3BD5623E686300056F352 /* EnterpriseDetailsCoordinator.swift */; };
		A7A3BD5B23E688340056F352 /* EnterpriseComposer.swift in Sources */ = {isa = PBXBuildFile; fileRef = A7A3BD5A23E688340056F352 /* EnterpriseComposer.swift */; };
		A7A3BD5F23E688790056F352 /* EnterpriseDetails.storyboard in Resources */ = {isa = PBXBuildFile; fileRef = A7A3BD5E23E688790056F352 /* EnterpriseDetails.storyboard */; };
		A7A3BD6123E68CA10056F352 /* EnterpriseViewController.swift in Sources */ = {isa = PBXBuildFile; fileRef = A7A3BD6023E68CA10056F352 /* EnterpriseViewController.swift */; };
		A7A62D9123E3579700690893 /* AuthenticationService.swift in Sources */ = {isa = PBXBuildFile; fileRef = A7A62D9023E3579700690893 /* AuthenticationService.swift */; };
		A7B19ABF23E1DDC40001FA34 /* AppDelegate.swift in Sources */ = {isa = PBXBuildFile; fileRef = A7B19ABE23E1DDC40001FA34 /* AppDelegate.swift */; };
		A7B19AC123E1DDC40001FA34 /* SceneDelegate.swift in Sources */ = {isa = PBXBuildFile; fileRef = A7B19AC023E1DDC40001FA34 /* SceneDelegate.swift */; };
		A7B19AC623E1DDC40001FA34 /* Main.storyboard in Resources */ = {isa = PBXBuildFile; fileRef = A7B19AC423E1DDC40001FA34 /* Main.storyboard */; };
		A7B19AC823E1DDC80001FA34 /* Assets.xcassets in Resources */ = {isa = PBXBuildFile; fileRef = A7B19AC723E1DDC80001FA34 /* Assets.xcassets */; };
		A7B19ACB23E1DDC80001FA34 /* LaunchScreen.storyboard in Resources */ = {isa = PBXBuildFile; fileRef = A7B19AC923E1DDC80001FA34 /* LaunchScreen.storyboard */; };
		A7B19AF023E1EAEC0001FA34 /* Investor.swift in Sources */ = {isa = PBXBuildFile; fileRef = A7B19AEF23E1EAEC0001FA34 /* Investor.swift */; };
		A7B19AF423E1ED000001FA34 /* Portfolio.swift in Sources */ = {isa = PBXBuildFile; fileRef = A7B19AF323E1ED000001FA34 /* Portfolio.swift */; };
		A7B19AF723E1ED4D0001FA34 /* JSONNull.swift in Sources */ = {isa = PBXBuildFile; fileRef = A7B19AF623E1ED4D0001FA34 /* JSONNull.swift */; };
		A7B19AFB23E1F3150001FA34 /* RemoteAuthServiceTests.swift in Sources */ = {isa = PBXBuildFile; fileRef = A7B19AFA23E1F3150001FA34 /* RemoteAuthServiceTests.swift */; };
		A7EEBAC723E2289700673B1C /* RemoteAuthService.swift in Sources */ = {isa = PBXBuildFile; fileRef = A7EEBAC623E2289700673B1C /* RemoteAuthService.swift */; };
		A7EEBACB23E2650D00673B1C /* validJSON.json in Resources */ = {isa = PBXBuildFile; fileRef = A7EEBACA23E2650D00673B1C /* validJSON.json */; };
		A7EEBACD23E2796900673B1C /* Enterprise.swift in Sources */ = {isa = PBXBuildFile; fileRef = A7EEBACC23E2796900673B1C /* Enterprise.swift */; };
/* End PBXBuildFile section */

/* Begin PBXContainerItemProxy section */
		A7B19AD223E1DDC80001FA34 /* PBXContainerItemProxy */ = {
			isa = PBXContainerItemProxy;
			containerPortal = A7B19AB323E1DDC40001FA34 /* Project object */;
			proxyType = 1;
			remoteGlobalIDString = A7B19ABA23E1DDC40001FA34;
			remoteInfo = EmpresasApp;
		};
/* End PBXContainerItemProxy section */

/* Begin PBXFileReference section */
		A753F30023E35E7700266A3B /* InvestorMapper.swift */ = {isa = PBXFileReference; lastKnownFileType = sourcecode.swift; path = InvestorMapper.swift; sourceTree = "<group>"; };
		A753F30323E372F200266A3B /* Home.storyboard */ = {isa = PBXFileReference; lastKnownFileType = file.storyboard; path = Home.storyboard; sourceTree = "<group>"; };
		A753F30523E3736300266A3B /* HomeViewController.swift */ = {isa = PBXFileReference; lastKnownFileType = sourcecode.swift; path = HomeViewController.swift; sourceTree = "<group>"; };
		A79C11FD23E3262F005F55A7 /* LoginViewController.swift */ = {isa = PBXFileReference; lastKnownFileType = sourcecode.swift; path = LoginViewController.swift; sourceTree = "<group>"; };
		A7A3BD1623E3AB240056F352 /* EnterpriseTableViewCell.swift */ = {isa = PBXFileReference; lastKnownFileType = sourcecode.swift; path = EnterpriseTableViewCell.swift; sourceTree = "<group>"; };
		A7A3BD1F23E3DE820056F352 /* URLSessionHTTPClientTests.swift */ = {isa = PBXFileReference; lastKnownFileType = sourcecode.swift; path = URLSessionHTTPClientTests.swift; sourceTree = "<group>"; };
		A7A3BD2223E456CE0056F352 /* LoginViewControllerTests.swift */ = {isa = PBXFileReference; lastKnownFileType = sourcecode.swift; path = LoginViewControllerTests.swift; sourceTree = "<group>"; };
		A7A3BD2523E46B9E0056F352 /* LoginUIComposer.swift */ = {isa = PBXFileReference; lastKnownFileType = sourcecode.swift; path = LoginUIComposer.swift; sourceTree = "<group>"; };
		A7A3BD2823E470DB0056F352 /* HTTPClientSpy.swift */ = {isa = PBXFileReference; lastKnownFileType = sourcecode.swift; path = HTTPClientSpy.swift; sourceTree = "<group>"; };
		A7A3BD2A23E486E90056F352 /* LoginViewModel.swift */ = {isa = PBXFileReference; lastKnownFileType = sourcecode.swift; path = LoginViewModel.swift; sourceTree = "<group>"; };
		A7A3BD3023E4ADBD0056F352 /* Coordinator.swift */ = {isa = PBXFileReference; lastKnownFileType = sourcecode.swift; path = Coordinator.swift; sourceTree = "<group>"; };
		A7A3BD3223E4B16F0056F352 /* HomeCoodinator.swift */ = {isa = PBXFileReference; lastKnownFileType = sourcecode.swift; path = HomeCoodinator.swift; sourceTree = "<group>"; };
		A7A3BD3423E4D1970056F352 /* URLSessionHTTPClient.swift */ = {isa = PBXFileReference; lastKnownFileType = sourcecode.swift; path = URLSessionHTTPClient.swift; sourceTree = "<group>"; };
		A7A3BD3823E4D6090056F352 /* HomeUIComposer.swift */ = {isa = PBXFileReference; lastKnownFileType = sourcecode.swift; path = HomeUIComposer.swift; sourceTree = "<group>"; };
		A7A3BD3A23E4D68F0056F352 /* HomeViewModel.swift */ = {isa = PBXFileReference; lastKnownFileType = sourcecode.swift; path = HomeViewModel.swift; sourceTree = "<group>"; };
		A7A3BD3D23E5F4360056F352 /* RemoteEnterpriseService.swift */ = {isa = PBXFileReference; lastKnownFileType = sourcecode.swift; path = RemoteEnterpriseService.swift; sourceTree = "<group>"; };
		A7A3BD4023E5F4D50056F352 /* RemoteEnterpriseServiceTests.swift */ = {isa = PBXFileReference; lastKnownFileType = sourcecode.swift; path = RemoteEnterpriseServiceTests.swift; sourceTree = "<group>"; };
		A7A3BD4523E62B8F0056F352 /* validEnterprisesJSON.json */ = {isa = PBXFileReference; lastKnownFileType = text.json; path = validEnterprisesJSON.json; sourceTree = "<group>"; };
		A7A3BD4723E62D740056F352 /* EnterpriseMapper.swift */ = {isa = PBXFileReference; lastKnownFileType = sourcecode.swift; path = EnterpriseMapper.swift; sourceTree = "<group>"; };
		A7A3BD4923E632FA0056F352 /* EnterpriseType.swift */ = {isa = PBXFileReference; lastKnownFileType = sourcecode.swift; path = EnterpriseType.swift; sourceTree = "<group>"; };
		A7A3BD4B23E641C90056F352 /* EnterpriseService.swift */ = {isa = PBXFileReference; lastKnownFileType = sourcecode.swift; path = EnterpriseService.swift; sourceTree = "<group>"; };
		A7A3BD4E23E642420056F352 /* URLSessionEnterpriseHTTPClient.swift */ = {isa = PBXFileReference; lastKnownFileType = sourcecode.swift; path = URLSessionEnterpriseHTTPClient.swift; sourceTree = "<group>"; };
		A7A3BD5023E6484D0056F352 /* UserInformation.swift */ = {isa = PBXFileReference; lastKnownFileType = sourcecode.swift; path = UserInformation.swift; sourceTree = "<group>"; };
		A7A3BD5423E6855A0056F352 /* LoginCoordinator.swift */ = {isa = PBXFileReference; lastKnownFileType = sourcecode.swift; path = LoginCoordinator.swift; sourceTree = "<group>"; };
		A7A3BD5623E686300056F352 /* EnterpriseDetailsCoordinator.swift */ = {isa = PBXFileReference; lastKnownFileType = sourcecode.swift; path = EnterpriseDetailsCoordinator.swift; sourceTree = "<group>"; };
		A7A3BD5A23E688340056F352 /* EnterpriseComposer.swift */ = {isa = PBXFileReference; lastKnownFileType = sourcecode.swift; path = EnterpriseComposer.swift; sourceTree = "<group>"; };
		A7A3BD5E23E688790056F352 /* EnterpriseDetails.storyboard */ = {isa = PBXFileReference; lastKnownFileType = file.storyboard; path = EnterpriseDetails.storyboard; sourceTree = "<group>"; };
		A7A3BD6023E68CA10056F352 /* EnterpriseViewController.swift */ = {isa = PBXFileReference; lastKnownFileType = sourcecode.swift; path = EnterpriseViewController.swift; sourceTree = "<group>"; };
		A7A62D9023E3579700690893 /* AuthenticationService.swift */ = {isa = PBXFileReference; lastKnownFileType = sourcecode.swift; path = AuthenticationService.swift; sourceTree = "<group>"; };
		A7B19ABB23E1DDC40001FA34 /* EmpresasApp.app */ = {isa = PBXFileReference; explicitFileType = wrapper.application; includeInIndex = 0; path = EmpresasApp.app; sourceTree = BUILT_PRODUCTS_DIR; };
		A7B19ABE23E1DDC40001FA34 /* AppDelegate.swift */ = {isa = PBXFileReference; lastKnownFileType = sourcecode.swift; path = AppDelegate.swift; sourceTree = "<group>"; };
		A7B19AC023E1DDC40001FA34 /* SceneDelegate.swift */ = {isa = PBXFileReference; lastKnownFileType = sourcecode.swift; path = SceneDelegate.swift; sourceTree = "<group>"; };
		A7B19AC523E1DDC40001FA34 /* Base */ = {isa = PBXFileReference; lastKnownFileType = file.storyboard; name = Base; path = Base.lproj/Main.storyboard; sourceTree = "<group>"; };
		A7B19AC723E1DDC80001FA34 /* Assets.xcassets */ = {isa = PBXFileReference; lastKnownFileType = folder.assetcatalog; path = Assets.xcassets; sourceTree = "<group>"; };
		A7B19ACA23E1DDC80001FA34 /* Base */ = {isa = PBXFileReference; lastKnownFileType = file.storyboard; name = Base; path = Base.lproj/LaunchScreen.storyboard; sourceTree = "<group>"; };
		A7B19ACC23E1DDC80001FA34 /* Info.plist */ = {isa = PBXFileReference; lastKnownFileType = text.plist.xml; path = Info.plist; sourceTree = "<group>"; };
		A7B19AD123E1DDC80001FA34 /* EmpresasAppTests.xctest */ = {isa = PBXFileReference; explicitFileType = wrapper.cfbundle; includeInIndex = 0; path = EmpresasAppTests.xctest; sourceTree = BUILT_PRODUCTS_DIR; };
		A7B19AD723E1DDC80001FA34 /* Info.plist */ = {isa = PBXFileReference; lastKnownFileType = text.plist.xml; path = Info.plist; sourceTree = "<group>"; };
		A7B19AEF23E1EAEC0001FA34 /* Investor.swift */ = {isa = PBXFileReference; lastKnownFileType = sourcecode.swift; path = Investor.swift; sourceTree = "<group>"; };
		A7B19AF323E1ED000001FA34 /* Portfolio.swift */ = {isa = PBXFileReference; lastKnownFileType = sourcecode.swift; path = Portfolio.swift; sourceTree = "<group>"; };
		A7B19AF623E1ED4D0001FA34 /* JSONNull.swift */ = {isa = PBXFileReference; lastKnownFileType = sourcecode.swift; path = JSONNull.swift; sourceTree = "<group>"; };
		A7B19AFA23E1F3150001FA34 /* RemoteAuthServiceTests.swift */ = {isa = PBXFileReference; lastKnownFileType = sourcecode.swift; path = RemoteAuthServiceTests.swift; sourceTree = "<group>"; };
		A7EEBAC623E2289700673B1C /* RemoteAuthService.swift */ = {isa = PBXFileReference; lastKnownFileType = sourcecode.swift; path = RemoteAuthService.swift; sourceTree = "<group>"; };
		A7EEBACA23E2650D00673B1C /* validJSON.json */ = {isa = PBXFileReference; lastKnownFileType = text.json; path = validJSON.json; sourceTree = "<group>"; };
		A7EEBACC23E2796900673B1C /* Enterprise.swift */ = {isa = PBXFileReference; lastKnownFileType = sourcecode.swift; path = Enterprise.swift; sourceTree = "<group>"; };
/* End PBXFileReference section */

/* Begin PBXFrameworksBuildPhase section */
		A7B19AB823E1DDC40001FA34 /* Frameworks */ = {
			isa = PBXFrameworksBuildPhase;
			buildActionMask = 2147483647;
			files = (
			);
			runOnlyForDeploymentPostprocessing = 0;
		};
		A7B19ACE23E1DDC80001FA34 /* Frameworks */ = {
			isa = PBXFrameworksBuildPhase;
			buildActionMask = 2147483647;
			files = (
			);
			runOnlyForDeploymentPostprocessing = 0;
		};
/* End PBXFrameworksBuildPhase section */

/* Begin PBXGroup section */
		A753F30223E372DC00266A3B /* Home UI */ = {
			isa = PBXGroup;
			children = (
				A7A3BD3723E4D5320056F352 /* Composers */,
				A753F30323E372F200266A3B /* Home.storyboard */,
				A753F30523E3736300266A3B /* HomeViewController.swift */,
				A7A3BD3A23E4D68F0056F352 /* HomeViewModel.swift */,
				A7A3BD1623E3AB240056F352 /* EnterpriseTableViewCell.swift */,
			);
			path = "Home UI";
			sourceTree = "<group>";
		};
		A79C11FC23E325AB005F55A7 /* Login UI */ = {
			isa = PBXGroup;
			children = (
				A7A3BD2423E46B880056F352 /* Composers */,
				A79C11FD23E3262F005F55A7 /* LoginViewController.swift */,
				A7A3BD2A23E486E90056F352 /* LoginViewModel.swift */,
			);
			path = "Login UI";
			sourceTree = "<group>";
		};
		A7A3BD2123E456A40056F352 /* LoginVC Tests */ = {
			isa = PBXGroup;
			children = (
				A7A3BD2223E456CE0056F352 /* LoginViewControllerTests.swift */,
			);
			path = "LoginVC Tests";
			sourceTree = "<group>";
		};
		A7A3BD2423E46B880056F352 /* Composers */ = {
			isa = PBXGroup;
			children = (
				A7A3BD2523E46B9E0056F352 /* LoginUIComposer.swift */,
			);
			path = Composers;
			sourceTree = "<group>";
		};
		A7A3BD2723E470C70056F352 /* Helpers */ = {
			isa = PBXGroup;
			children = (
				A7A3BD2823E470DB0056F352 /* HTTPClientSpy.swift */,
			);
			path = Helpers;
			sourceTree = "<group>";
		};
		A7A3BD2C23E4ACAE0056F352 /* Coordinator */ = {
			isa = PBXGroup;
			children = (
				A7A3BD3023E4ADBD0056F352 /* Coordinator.swift */,
				A7A3BD5423E6855A0056F352 /* LoginCoordinator.swift */,
				A7A3BD3223E4B16F0056F352 /* HomeCoodinator.swift */,
				A7A3BD5623E686300056F352 /* EnterpriseDetailsCoordinator.swift */,
			);
			path = Coordinator;
			sourceTree = "<group>";
		};
		A7A3BD3723E4D5320056F352 /* Composers */ = {
			isa = PBXGroup;
			children = (
				A7A3BD3823E4D6090056F352 /* HomeUIComposer.swift */,
			);
			path = Composers;
			sourceTree = "<group>";
		};
		A7A3BD3C23E5EB6B0056F352 /* Enterprise API */ = {
			isa = PBXGroup;
			children = (
				A7A3BD3D23E5F4360056F352 /* RemoteEnterpriseService.swift */,
				A7A3BD4723E62D740056F352 /* EnterpriseMapper.swift */,
				A7A3BD4B23E641C90056F352 /* EnterpriseService.swift */,
				A7A3BD4E23E642420056F352 /* URLSessionEnterpriseHTTPClient.swift */,
			);
			path = "Enterprise API";
			sourceTree = "<group>";
		};
		A7A3BD3F23E5F4470056F352 /* Enterprise API Tests */ = {
			isa = PBXGroup;
			children = (
				A7A3BD4423E62B6D0056F352 /* Helpers */,
				A7A3BD4023E5F4D50056F352 /* RemoteEnterpriseServiceTests.swift */,
			);
			path = "Enterprise API Tests";
			sourceTree = "<group>";
		};
		A7A3BD4423E62B6D0056F352 /* Helpers */ = {
			isa = PBXGroup;
			children = (
				A7A3BD4523E62B8F0056F352 /* validEnterprisesJSON.json */,
			);
			path = Helpers;
			sourceTree = "<group>";
		};
		A7A3BD5823E686FF0056F352 /* Detail UI */ = {
			isa = PBXGroup;
			children = (
				A7A3BD5923E6881B0056F352 /* Composers */,
				A7A3BD5E23E688790056F352 /* EnterpriseDetails.storyboard */,
				A7A3BD6023E68CA10056F352 /* EnterpriseViewController.swift */,
			);
			path = "Detail UI";
			sourceTree = "<group>";
		};
		A7A3BD5923E6881B0056F352 /* Composers */ = {
			isa = PBXGroup;
			children = (
				A7A3BD5A23E688340056F352 /* EnterpriseComposer.swift */,
			);
			path = Composers;
			sourceTree = "<group>";
		};
		A7B19AB223E1DDC40001FA34 = {
			isa = PBXGroup;
			children = (
				A7B19ABD23E1DDC40001FA34 /* EmpresasApp */,
				A7B19AD423E1DDC80001FA34 /* EmpresasAppTests */,
				A7B19ABC23E1DDC40001FA34 /* Products */,
			);
			sourceTree = "<group>";
		};
		A7B19ABC23E1DDC40001FA34 /* Products */ = {
			isa = PBXGroup;
			children = (
				A7B19ABB23E1DDC40001FA34 /* EmpresasApp.app */,
				A7B19AD123E1DDC80001FA34 /* EmpresasAppTests.xctest */,
			);
			name = Products;
			sourceTree = "<group>";
		};
		A7B19ABD23E1DDC40001FA34 /* EmpresasApp */ = {
			isa = PBXGroup;
			children = (
				A7A3BD2C23E4ACAE0056F352 /* Coordinator */,
				A79C11FC23E325AB005F55A7 /* Login UI */,
				A753F30223E372DC00266A3B /* Home UI */,
				A7A3BD5823E686FF0056F352 /* Detail UI */,
				A7A3BD3C23E5EB6B0056F352 /* Enterprise API */,
				A7EEBAC523E2285300673B1C /* Authentication API */,
				A7B19AEE23E1EACB0001FA34 /* Models */,
				A7B19AC423E1DDC40001FA34 /* Main.storyboard */,
				A7B19ABE23E1DDC40001FA34 /* AppDelegate.swift */,
				A7B19AC023E1DDC40001FA34 /* SceneDelegate.swift */,
				A7B19AC723E1DDC80001FA34 /* Assets.xcassets */,
				A7B19AC923E1DDC80001FA34 /* LaunchScreen.storyboard */,
				A7B19ACC23E1DDC80001FA34 /* Info.plist */,
			);
			path = EmpresasApp;
			sourceTree = "<group>";
		};
		A7B19AD423E1DDC80001FA34 /* EmpresasAppTests */ = {
			isa = PBXGroup;
			children = (
				A7A3BD2723E470C70056F352 /* Helpers */,
				A7A3BD2123E456A40056F352 /* LoginVC Tests */,
				A7B19AF923E1F2DF0001FA34 /* Authentication Tests */,
				A7A3BD3F23E5F4470056F352 /* Enterprise API Tests */,
				A7B19AD723E1DDC80001FA34 /* Info.plist */,
			);
			path = EmpresasAppTests;
			sourceTree = "<group>";
		};
		A7B19AEE23E1EACB0001FA34 /* Models */ = {
			isa = PBXGroup;
			children = (
				A7B19AEF23E1EAEC0001FA34 /* Investor.swift */,
				A7B19AF323E1ED000001FA34 /* Portfolio.swift */,
				A7EEBACC23E2796900673B1C /* Enterprise.swift */,
				A7A3BD4923E632FA0056F352 /* EnterpriseType.swift */,
				A7A3BD5023E6484D0056F352 /* UserInformation.swift */,
			);
			path = Models;
			sourceTree = "<group>";
		};
		A7B19AF523E1ED2D0001FA34 /* Helpers */ = {
			isa = PBXGroup;
			children = (
				A7B19AF623E1ED4D0001FA34 /* JSONNull.swift */,
			);
			path = Helpers;
			sourceTree = "<group>";
		};
		A7B19AF923E1F2DF0001FA34 /* Authentication Tests */ = {
			isa = PBXGroup;
			children = (
				A7B19AFA23E1F3150001FA34 /* RemoteAuthServiceTests.swift */,
				A7EEBACA23E2650D00673B1C /* validJSON.json */,
				A7A3BD1F23E3DE820056F352 /* URLSessionHTTPClientTests.swift */,
			);
			path = "Authentication Tests";
			sourceTree = "<group>";
		};
		A7EEBAC523E2285300673B1C /* Authentication API */ = {
			isa = PBXGroup;
			children = (
				A7B19AF523E1ED2D0001FA34 /* Helpers */,
				A7EEBAC623E2289700673B1C /* RemoteAuthService.swift */,
				A7A62D9023E3579700690893 /* AuthenticationService.swift */,
				A753F30023E35E7700266A3B /* InvestorMapper.swift */,
				A7A3BD3423E4D1970056F352 /* URLSessionHTTPClient.swift */,
			);
			path = "Authentication API";
			sourceTree = "<group>";
		};
/* End PBXGroup section */

/* Begin PBXNativeTarget section */
		A7B19ABA23E1DDC40001FA34 /* EmpresasApp */ = {
			isa = PBXNativeTarget;
			buildConfigurationList = A7B19AE523E1DDC80001FA34 /* Build configuration list for PBXNativeTarget "EmpresasApp" */;
			buildPhases = (
				A7B19AB723E1DDC40001FA34 /* Sources */,
				A7B19AB823E1DDC40001FA34 /* Frameworks */,
				A7B19AB923E1DDC40001FA34 /* Resources */,
			);
			buildRules = (
			);
			dependencies = (
			);
			name = EmpresasApp;
			productName = EmpresasApp;
			productReference = A7B19ABB23E1DDC40001FA34 /* EmpresasApp.app */;
			productType = "com.apple.product-type.application";
		};
		A7B19AD023E1DDC80001FA34 /* EmpresasAppTests */ = {
			isa = PBXNativeTarget;
			buildConfigurationList = A7B19AE823E1DDC80001FA34 /* Build configuration list for PBXNativeTarget "EmpresasAppTests" */;
			buildPhases = (
				A7B19ACD23E1DDC80001FA34 /* Sources */,
				A7B19ACE23E1DDC80001FA34 /* Frameworks */,
				A7B19ACF23E1DDC80001FA34 /* Resources */,
			);
			buildRules = (
			);
			dependencies = (
				A7B19AD323E1DDC80001FA34 /* PBXTargetDependency */,
			);
			name = EmpresasAppTests;
			productName = EmpresasAppTests;
			productReference = A7B19AD123E1DDC80001FA34 /* EmpresasAppTests.xctest */;
			productType = "com.apple.product-type.bundle.unit-test";
		};
/* End PBXNativeTarget section */

/* Begin PBXProject section */
		A7B19AB323E1DDC40001FA34 /* Project object */ = {
			isa = PBXProject;
			attributes = {
				LastSwiftUpdateCheck = 1120;
				LastUpgradeCheck = 1120;
				ORGANIZATIONNAME = Anderson;
				TargetAttributes = {
					A7B19ABA23E1DDC40001FA34 = {
						CreatedOnToolsVersion = 11.2.1;
					};
					A7B19AD023E1DDC80001FA34 = {
						CreatedOnToolsVersion = 11.2.1;
						TestTargetID = A7B19ABA23E1DDC40001FA34;
					};
				};
			};
			buildConfigurationList = A7B19AB623E1DDC40001FA34 /* Build configuration list for PBXProject "EmpresasApp" */;
			compatibilityVersion = "Xcode 9.3";
			developmentRegion = en;
			hasScannedForEncodings = 0;
			knownRegions = (
				en,
				Base,
			);
			mainGroup = A7B19AB223E1DDC40001FA34;
			productRefGroup = A7B19ABC23E1DDC40001FA34 /* Products */;
			projectDirPath = "";
			projectRoot = "";
			targets = (
				A7B19ABA23E1DDC40001FA34 /* EmpresasApp */,
				A7B19AD023E1DDC80001FA34 /* EmpresasAppTests */,
			);
		};
/* End PBXProject section */

/* Begin PBXResourcesBuildPhase section */
		A7B19AB923E1DDC40001FA34 /* Resources */ = {
			isa = PBXResourcesBuildPhase;
			buildActionMask = 2147483647;
			files = (
				A7B19ACB23E1DDC80001FA34 /* LaunchScreen.storyboard in Resources */,
				A7B19AC823E1DDC80001FA34 /* Assets.xcassets in Resources */,
				A7B19AC623E1DDC40001FA34 /* Main.storyboard in Resources */,
				A7A3BD5F23E688790056F352 /* EnterpriseDetails.storyboard in Resources */,
				A753F30423E372F200266A3B /* Home.storyboard in Resources */,
			);
			runOnlyForDeploymentPostprocessing = 0;
		};
		A7B19ACF23E1DDC80001FA34 /* Resources */ = {
			isa = PBXResourcesBuildPhase;
			buildActionMask = 2147483647;
			files = (
				A7EEBACB23E2650D00673B1C /* validJSON.json in Resources */,
				A7A3BD4623E62B8F0056F352 /* validEnterprisesJSON.json in Resources */,
			);
			runOnlyForDeploymentPostprocessing = 0;
		};
/* End PBXResourcesBuildPhase section */

/* Begin PBXSourcesBuildPhase section */
		A7B19AB723E1DDC40001FA34 /* Sources */ = {
			isa = PBXSourcesBuildPhase;
			buildActionMask = 2147483647;
			files = (
				A7A3BD5723E686300056F352 /* EnterpriseDetailsCoordinator.swift in Sources */,
				A753F30123E35E7700266A3B /* InvestorMapper.swift in Sources */,
				A7A3BD3923E4D6090056F352 /* HomeUIComposer.swift in Sources */,
				A7A3BD4823E62D740056F352 /* EnterpriseMapper.swift in Sources */,
				A7A3BD3323E4B16F0056F352 /* HomeCoodinator.swift in Sources */,
				A79C11FE23E3262F005F55A7 /* LoginViewController.swift in Sources */,
				A7A3BD5523E6855A0056F352 /* LoginCoordinator.swift in Sources */,
				A7B19AF423E1ED000001FA34 /* Portfolio.swift in Sources */,
				A7B19AF723E1ED4D0001FA34 /* JSONNull.swift in Sources */,
				A7A62D9123E3579700690893 /* AuthenticationService.swift in Sources */,
				A7A3BD5B23E688340056F352 /* EnterpriseComposer.swift in Sources */,
				A7A3BD4A23E632FA0056F352 /* EnterpriseType.swift in Sources */,
				A7EEBACD23E2796900673B1C /* Enterprise.swift in Sources */,
				A7A3BD3523E4D1970056F352 /* URLSessionHTTPClient.swift in Sources */,
				A7A3BD5123E6484D0056F352 /* UserInformation.swift in Sources */,
				A7A3BD2623E46B9E0056F352 /* LoginUIComposer.swift in Sources */,
				A7A3BD4C23E641C90056F352 /* EnterpriseService.swift in Sources */,
				A7A3BD2B23E486E90056F352 /* LoginViewModel.swift in Sources */,
				A7A3BD3123E4ADBD0056F352 /* Coordinator.swift in Sources */,
				A7EEBAC723E2289700673B1C /* RemoteAuthService.swift in Sources */,
				A753F30623E3736300266A3B /* HomeViewController.swift in Sources */,
				A7A3BD3E23E5F4370056F352 /* RemoteEnterpriseService.swift in Sources */,
				A7A3BD3B23E4D68F0056F352 /* HomeViewModel.swift in Sources */,
				A7A3BD1723E3AB240056F352 /* EnterpriseTableViewCell.swift in Sources */,
				A7B19ABF23E1DDC40001FA34 /* AppDelegate.swift in Sources */,
				A7B19AC123E1DDC40001FA34 /* SceneDelegate.swift in Sources */,
				A7A3BD4F23E642420056F352 /* URLSessionEnterpriseHTTPClient.swift in Sources */,
				A7A3BD6123E68CA10056F352 /* EnterpriseViewController.swift in Sources */,
				A7B19AF023E1EAEC0001FA34 /* Investor.swift in Sources */,
			);
			runOnlyForDeploymentPostprocessing = 0;
		};
		A7B19ACD23E1DDC80001FA34 /* Sources */ = {
			isa = PBXSourcesBuildPhase;
			buildActionMask = 2147483647;
			files = (
				A7A3BD2323E456CE0056F352 /* LoginViewControllerTests.swift in Sources */,
				A7A3BD2023E3DE820056F352 /* URLSessionHTTPClientTests.swift in Sources */,
				A7B19AFB23E1F3150001FA34 /* RemoteAuthServiceTests.swift in Sources */,
				A7A3BD4123E5F4D50056F352 /* RemoteEnterpriseServiceTests.swift in Sources */,
				A7A3BD2923E470DB0056F352 /* HTTPClientSpy.swift in Sources */,
			);
			runOnlyForDeploymentPostprocessing = 0;
		};
/* End PBXSourcesBuildPhase section */

/* Begin PBXTargetDependency section */
		A7B19AD323E1DDC80001FA34 /* PBXTargetDependency */ = {
			isa = PBXTargetDependency;
			target = A7B19ABA23E1DDC40001FA34 /* EmpresasApp */;
			targetProxy = A7B19AD223E1DDC80001FA34 /* PBXContainerItemProxy */;
		};
/* End PBXTargetDependency section */

/* Begin PBXVariantGroup section */
		A7B19AC423E1DDC40001FA34 /* Main.storyboard */ = {
			isa = PBXVariantGroup;
			children = (
				A7B19AC523E1DDC40001FA34 /* Base */,
			);
			name = Main.storyboard;
			sourceTree = "<group>";
		};
		A7B19AC923E1DDC80001FA34 /* LaunchScreen.storyboard */ = {
			isa = PBXVariantGroup;
			children = (
				A7B19ACA23E1DDC80001FA34 /* Base */,
			);
			name = LaunchScreen.storyboard;
			sourceTree = "<group>";
		};
/* End PBXVariantGroup section */

/* Begin XCBuildConfiguration section */
		A7B19AE323E1DDC80001FA34 /* Debug */ = {
			isa = XCBuildConfiguration;
			buildSettings = {
				ALWAYS_SEARCH_USER_PATHS = NO;
				CLANG_ANALYZER_NONNULL = YES;
				CLANG_ANALYZER_NUMBER_OBJECT_CONVERSION = YES_AGGRESSIVE;
				CLANG_CXX_LANGUAGE_STANDARD = "gnu++14";
				CLANG_CXX_LIBRARY = "libc++";
				CLANG_ENABLE_MODULES = YES;
				CLANG_ENABLE_OBJC_ARC = YES;
				CLANG_ENABLE_OBJC_WEAK = YES;
				CLANG_WARN_BLOCK_CAPTURE_AUTORELEASING = YES;
				CLANG_WARN_BOOL_CONVERSION = YES;
				CLANG_WARN_COMMA = YES;
				CLANG_WARN_CONSTANT_CONVERSION = YES;
				CLANG_WARN_DEPRECATED_OBJC_IMPLEMENTATIONS = YES;
				CLANG_WARN_DIRECT_OBJC_ISA_USAGE = YES_ERROR;
				CLANG_WARN_DOCUMENTATION_COMMENTS = YES;
				CLANG_WARN_EMPTY_BODY = YES;
				CLANG_WARN_ENUM_CONVERSION = YES;
				CLANG_WARN_INFINITE_RECURSION = YES;
				CLANG_WARN_INT_CONVERSION = YES;
				CLANG_WARN_NON_LITERAL_NULL_CONVERSION = YES;
				CLANG_WARN_OBJC_IMPLICIT_RETAIN_SELF = YES;
				CLANG_WARN_OBJC_LITERAL_CONVERSION = YES;
				CLANG_WARN_OBJC_ROOT_CLASS = YES_ERROR;
				CLANG_WARN_RANGE_LOOP_ANALYSIS = YES;
				CLANG_WARN_STRICT_PROTOTYPES = YES;
				CLANG_WARN_SUSPICIOUS_MOVE = YES;
				CLANG_WARN_UNGUARDED_AVAILABILITY = YES_AGGRESSIVE;
				CLANG_WARN_UNREACHABLE_CODE = YES;
				CLANG_WARN__DUPLICATE_METHOD_MATCH = YES;
				COPY_PHASE_STRIP = NO;
				DEBUG_INFORMATION_FORMAT = dwarf;
				ENABLE_STRICT_OBJC_MSGSEND = YES;
				ENABLE_TESTABILITY = YES;
				GCC_C_LANGUAGE_STANDARD = gnu11;
				GCC_DYNAMIC_NO_PIC = NO;
				GCC_NO_COMMON_BLOCKS = YES;
				GCC_OPTIMIZATION_LEVEL = 0;
				GCC_PREPROCESSOR_DEFINITIONS = (
					"DEBUG=1",
					"$(inherited)",
				);
				GCC_WARN_64_TO_32_BIT_CONVERSION = YES;
				GCC_WARN_ABOUT_RETURN_TYPE = YES_ERROR;
				GCC_WARN_UNDECLARED_SELECTOR = YES;
				GCC_WARN_UNINITIALIZED_AUTOS = YES_AGGRESSIVE;
				GCC_WARN_UNUSED_FUNCTION = YES;
				GCC_WARN_UNUSED_VARIABLE = YES;
				IPHONEOS_DEPLOYMENT_TARGET = 13.2;
				MTL_ENABLE_DEBUG_INFO = INCLUDE_SOURCE;
				MTL_FAST_MATH = YES;
				ONLY_ACTIVE_ARCH = YES;
				SDKROOT = iphoneos;
				SWIFT_ACTIVE_COMPILATION_CONDITIONS = DEBUG;
				SWIFT_OPTIMIZATION_LEVEL = "-Onone";
			};
			name = Debug;
		};
		A7B19AE423E1DDC80001FA34 /* Release */ = {
			isa = XCBuildConfiguration;
			buildSettings = {
				ALWAYS_SEARCH_USER_PATHS = NO;
				CLANG_ANALYZER_NONNULL = YES;
				CLANG_ANALYZER_NUMBER_OBJECT_CONVERSION = YES_AGGRESSIVE;
				CLANG_CXX_LANGUAGE_STANDARD = "gnu++14";
				CLANG_CXX_LIBRARY = "libc++";
				CLANG_ENABLE_MODULES = YES;
				CLANG_ENABLE_OBJC_ARC = YES;
				CLANG_ENABLE_OBJC_WEAK = YES;
				CLANG_WARN_BLOCK_CAPTURE_AUTORELEASING = YES;
				CLANG_WARN_BOOL_CONVERSION = YES;
				CLANG_WARN_COMMA = YES;
				CLANG_WARN_CONSTANT_CONVERSION = YES;
				CLANG_WARN_DEPRECATED_OBJC_IMPLEMENTATIONS = YES;
				CLANG_WARN_DIRECT_OBJC_ISA_USAGE = YES_ERROR;
				CLANG_WARN_DOCUMENTATION_COMMENTS = YES;
				CLANG_WARN_EMPTY_BODY = YES;
				CLANG_WARN_ENUM_CONVERSION = YES;
				CLANG_WARN_INFINITE_RECURSION = YES;
				CLANG_WARN_INT_CONVERSION = YES;
				CLANG_WARN_NON_LITERAL_NULL_CONVERSION = YES;
				CLANG_WARN_OBJC_IMPLICIT_RETAIN_SELF = YES;
				CLANG_WARN_OBJC_LITERAL_CONVERSION = YES;
				CLANG_WARN_OBJC_ROOT_CLASS = YES_ERROR;
				CLANG_WARN_RANGE_LOOP_ANALYSIS = YES;
				CLANG_WARN_STRICT_PROTOTYPES = YES;
				CLANG_WARN_SUSPICIOUS_MOVE = YES;
				CLANG_WARN_UNGUARDED_AVAILABILITY = YES_AGGRESSIVE;
				CLANG_WARN_UNREACHABLE_CODE = YES;
				CLANG_WARN__DUPLICATE_METHOD_MATCH = YES;
				COPY_PHASE_STRIP = NO;
				DEBUG_INFORMATION_FORMAT = "dwarf-with-dsym";
				ENABLE_NS_ASSERTIONS = NO;
				ENABLE_STRICT_OBJC_MSGSEND = YES;
				GCC_C_LANGUAGE_STANDARD = gnu11;
				GCC_NO_COMMON_BLOCKS = YES;
				GCC_WARN_64_TO_32_BIT_CONVERSION = YES;
				GCC_WARN_ABOUT_RETURN_TYPE = YES_ERROR;
				GCC_WARN_UNDECLARED_SELECTOR = YES;
				GCC_WARN_UNINITIALIZED_AUTOS = YES_AGGRESSIVE;
				GCC_WARN_UNUSED_FUNCTION = YES;
				GCC_WARN_UNUSED_VARIABLE = YES;
				IPHONEOS_DEPLOYMENT_TARGET = 13.2;
				MTL_ENABLE_DEBUG_INFO = NO;
				MTL_FAST_MATH = YES;
				SDKROOT = iphoneos;
				SWIFT_COMPILATION_MODE = wholemodule;
				SWIFT_OPTIMIZATION_LEVEL = "-O";
				VALIDATE_PRODUCT = YES;
			};
			name = Release;
		};
		A7B19AE623E1DDC80001FA34 /* Debug */ = {
			isa = XCBuildConfiguration;
			buildSettings = {
				ASSETCATALOG_COMPILER_APPICON_NAME = AppIcon;
				CODE_SIGN_STYLE = Automatic;
				DEVELOPMENT_TEAM = F229TZ6SP5;
				INFOPLIST_FILE = EmpresasApp/Info.plist;
				LD_RUNPATH_SEARCH_PATHS = (
					"$(inherited)",
					"@executable_path/Frameworks",
				);
				PRODUCT_BUNDLE_IDENTIFIER = ioasys.EmpresasApp;
				PRODUCT_NAME = "$(TARGET_NAME)";
				SWIFT_VERSION = 5.0;
				TARGETED_DEVICE_FAMILY = "1,2";
			};
			name = Debug;
		};
		A7B19AE723E1DDC80001FA34 /* Release */ = {
			isa = XCBuildConfiguration;
			buildSettings = {
				ASSETCATALOG_COMPILER_APPICON_NAME = AppIcon;
				CODE_SIGN_STYLE = Automatic;
				DEVELOPMENT_TEAM = F229TZ6SP5;
				INFOPLIST_FILE = EmpresasApp/Info.plist;
				LD_RUNPATH_SEARCH_PATHS = (
					"$(inherited)",
					"@executable_path/Frameworks",
				);
				PRODUCT_BUNDLE_IDENTIFIER = ioasys.EmpresasApp;
				PRODUCT_NAME = "$(TARGET_NAME)";
				SWIFT_VERSION = 5.0;
				TARGETED_DEVICE_FAMILY = "1,2";
			};
			name = Release;
		};
		A7B19AE923E1DDC80001FA34 /* Debug */ = {
			isa = XCBuildConfiguration;
			buildSettings = {
				ALWAYS_EMBED_SWIFT_STANDARD_LIBRARIES = YES;
				BUNDLE_LOADER = "$(TEST_HOST)";
				CODE_SIGN_STYLE = Automatic;
				DEVELOPMENT_TEAM = F229TZ6SP5;
				INFOPLIST_FILE = EmpresasAppTests/Info.plist;
				IPHONEOS_DEPLOYMENT_TARGET = 13.2;
				LD_RUNPATH_SEARCH_PATHS = (
					"$(inherited)",
					"@executable_path/Frameworks",
					"@loader_path/Frameworks",
				);
				PRODUCT_BUNDLE_IDENTIFIER = ioasys.EmpresasAppTests;
				PRODUCT_NAME = "$(TARGET_NAME)";
				SWIFT_VERSION = 5.0;
				TARGETED_DEVICE_FAMILY = "1,2";
				TEST_HOST = "$(BUILT_PRODUCTS_DIR)/EmpresasApp.app/EmpresasApp";
			};
			name = Debug;
		};
		A7B19AEA23E1DDC80001FA34 /* Release */ = {
			isa = XCBuildConfiguration;
			buildSettings = {
				ALWAYS_EMBED_SWIFT_STANDARD_LIBRARIES = YES;
				BUNDLE_LOADER = "$(TEST_HOST)";
				CODE_SIGN_STYLE = Automatic;
				DEVELOPMENT_TEAM = F229TZ6SP5;
				INFOPLIST_FILE = EmpresasAppTests/Info.plist;
				IPHONEOS_DEPLOYMENT_TARGET = 13.2;
				LD_RUNPATH_SEARCH_PATHS = (
					"$(inherited)",
					"@executable_path/Frameworks",
					"@loader_path/Frameworks",
				);
				PRODUCT_BUNDLE_IDENTIFIER = ioasys.EmpresasAppTests;
				PRODUCT_NAME = "$(TARGET_NAME)";
				SWIFT_VERSION = 5.0;
				TARGETED_DEVICE_FAMILY = "1,2";
				TEST_HOST = "$(BUILT_PRODUCTS_DIR)/EmpresasApp.app/EmpresasApp";
			};
			name = Release;
		};
/* End XCBuildConfiguration section */

/* Begin XCConfigurationList section */
		A7B19AB623E1DDC40001FA34 /* Build configuration list for PBXProject "EmpresasApp" */ = {
			isa = XCConfigurationList;
			buildConfigurations = (
				A7B19AE323E1DDC80001FA34 /* Debug */,
				A7B19AE423E1DDC80001FA34 /* Release */,
			);
			defaultConfigurationIsVisible = 0;
			defaultConfigurationName = Release;
		};
		A7B19AE523E1DDC80001FA34 /* Build configuration list for PBXNativeTarget "EmpresasApp" */ = {
			isa = XCConfigurationList;
			buildConfigurations = (
				A7B19AE623E1DDC80001FA34 /* Debug */,
				A7B19AE723E1DDC80001FA34 /* Release */,
			);
			defaultConfigurationIsVisible = 0;
			defaultConfigurationName = Release;
		};
		A7B19AE823E1DDC80001FA34 /* Build configuration list for PBXNativeTarget "EmpresasAppTests" */ = {
			isa = XCConfigurationList;
			buildConfigurations = (
				A7B19AE923E1DDC80001FA34 /* Debug */,
				A7B19AEA23E1DDC80001FA34 /* Release */,
			);
			defaultConfigurationIsVisible = 0;
			defaultConfigurationName = Release;
		};
/* End XCConfigurationList section */
	};
	rootObject = A7B19AB323E1DDC40001FA34 /* Project object */;
}
